
Microsoft Visual Studio Solution File, Format Version 12.00
# Visual Studio Version 17
VisualStudioVersion = 17.5.002.0
MinimumVisualStudioVersion = 10.0.40219.1
Project("{9A19103F-16F7-4668-BE54-9A1E7A4F7556}") = "ExemploExplorando", "ExemploExplorando.csproj", "{CF2B6A87-A6D1-46D7-A84E-54A92E77E110}"
EndProject
Global
	GlobalSection(SolutionConfigurationPlatforms) = preSolution
		Debug|Any CPU = Debug|Any CPU
		Release|Any CPU = Release|Any CPU
	EndGlobalSection
	GlobalSection(ProjectConfigurationPlatforms) = postSolution
		{CF2B6A87-A6D1-46D7-A84E-54A92E77E110}.Debug|Any CPU.ActiveCfg = Debug|Any CPU
		{CF2B6A87-A6D1-46D7-A84E-54A92E77E110}.Debug|Any CPU.Build.0 = Debug|Any CPU
		{CF2B6A87-A6D1-46D7-A84E-54A92E77E110}.Release|Any CPU.ActiveCfg = Release|Any CPU
		{CF2B6A87-A6D1-46D7-A84E-54A92E77E110}.Release|Any CPU.Build.0 = Release|Any CPU
	EndGlobalSection
	GlobalSection(SolutionProperties) = preSolution
		HideSolutionNode = FALSE
	EndGlobalSection
	GlobalSection(ExtensibilityGlobals) = postSolution
		SolutionGuid = {3BD0C4E5-AA13-48FF-A345-A34DFF2019E8}
	EndGlobalSection
EndGlobal
